{
  "name": "QrA",
  "version": "0.2.0",
  "lockfileVersion": 3,
  "requires": true,
  "packages": {
    "": {
      "name": "QrA",
      "version": "0.2.0",
      "license": "MIT",
      "dependencies": {
        "lokijs": "^1.5.12"
      },
      "engines": {
        "node": "14.1.0"
      }
    },
    "node_modules/lokijs": {
      "version": "1.5.12",
      "resolved": "https://registry.npmjs.org/lokijs/-/lokijs-1.5.12.tgz",
      "integrity": "sha512-Q5ALD6JiS6xAUWCwX3taQmgwxyveCtIIuL08+ml0nHwT3k0S/GIFJN+Hd38b1qYIMaE5X++iqsqWVksz7SYW+Q=="
    }
  }
}
